
Microsoft Visual Studio Solution File, Format Version 12.00
# Visual Studio Version 17
VisualStudioVersion = 17.6.33723.286
MinimumVisualStudioVersion = 10.0.40219.1
Project("{FAE04EC0-301F-11D3-BF4B-00C04F79EFBC}") = "Primeiro", "Primeiro\Primeiro.csproj", "{813ACCB2-21FA-49BA-B745-C801417F9BCD}"
EndProject
Global
	GlobalSection(SolutionConfigurationPlatforms) = preSolution
		Debug|Any CPU = Debug|Any CPU
		Release|Any CPU = Release|Any CPU
	EndGlobalSection
	GlobalSection(ProjectConfigurationPlatforms) = postSolution
		{813ACCB2-21FA-49BA-B745-C801417F9BCD}.Debug|Any CPU.ActiveCfg = Debug|Any CPU
		{813ACCB2-21FA-49BA-B745-C801417F9BCD}.Debug|Any CPU.Build.0 = Debug|Any CPU
		{813ACCB2-21FA-49BA-B745-C801417F9BCD}.Release|Any CPU.ActiveCfg = Release|Any CPU
		{813ACCB2-21FA-49BA-B745-C801417F9BCD}.Release|Any CPU.Build.0 = Release|Any CPU
	EndGlobalSection
	GlobalSection(SolutionProperties) = preSolution
		HideSolutionNode = FALSE
	EndGlobalSection
	GlobalSection(ExtensibilityGlobals) = postSolution
		SolutionGuid = {A3D1AFDC-48AB-4BD5-81E1-B9FFF2902624}
	EndGlobalSection
EndGlobal
